
Microsoft Visual Studio Solution File, Format Version 11.00
# Visual Studio 2010
Project("{FAE04EC0-301F-11D3-BF4B-00C04F79EFBC}") = "Index", "Index\Index.csproj", "{54C87205-9FA2-4C98-8B60-40CE190D7144}"
EndProject
Project("{FAE04EC0-301F-11D3-BF4B-00C04F79EFBC}") = "Admin", "Admin\Admin.csproj", "{DFFC8633-FD66-4E71-A920-F42E4A323E6E}"
EndProject
Project("{FAE04EC0-301F-11D3-BF4B-00C04F79EFBC}") = "Model", "Model\Model.csproj", "{68912684-B553-4017-9FBE-F56C19ED98E5}"
EndProject
Project("{FAE04EC0-301F-11D3-BF4B-00C04F79EFBC}") = "BLL", "BLL\BLL.csproj", "{2C9FE52B-A21C-43AE-9367-FEF20B87F4F4}"
EndProject
Project("{FAE04EC0-301F-11D3-BF4B-00C04F79EFBC}") = "IDAL", "IDAL\IDAL.csproj", "{1E49DD32-8A83-4097-93CF-CBD0BAF308A7}"
EndProject
Project("{FAE04EC0-301F-11D3-BF4B-00C04F79EFBC}") = "DAL", "DAL\DAL.csproj", "{60B48A72-4A9A-4C1B-A5FA-5AFDFE6F2E52}"
EndProject
Global
	GlobalSection(SubversionScc) = preSolution
		Svn-Managed = True
		Manager = AnkhSVN - Subversion Support for Visual Studio
	EndGlobalSection
	GlobalSection(SolutionConfigurationPlatforms) = preSolution
		Debug|Any CPU = Debug|Any CPU
		Release|Any CPU = Release|Any CPU
	EndGlobalSection
	GlobalSection(ProjectConfigurationPlatforms) = postSolution
		{54C87205-9FA2-4C98-8B60-40CE190D7144}.Debug|Any CPU.ActiveCfg = Debug|Any CPU
		{54C87205-9FA2-4C98-8B60-40CE190D7144}.Debug|Any CPU.Build.0 = Debug|Any CPU
		{54C87205-9FA2-4C98-8B60-40CE190D7144}.Release|Any CPU.ActiveCfg = Release|Any CPU
		{54C87205-9FA2-4C98-8B60-40CE190D7144}.Release|Any CPU.Build.0 = Release|Any CPU
		{DFFC8633-FD66-4E71-A920-F42E4A323E6E}.Debug|Any CPU.ActiveCfg = Debug|Any CPU
		{DFFC8633-FD66-4E71-A920-F42E4A323E6E}.Debug|Any CPU.Build.0 = Debug|Any CPU
		{DFFC8633-FD66-4E71-A920-F42E4A323E6E}.Release|Any CPU.ActiveCfg = Release|Any CPU
		{DFFC8633-FD66-4E71-A920-F42E4A323E6E}.Release|Any CPU.Build.0 = Release|Any CPU
		{68912684-B553-4017-9FBE-F56C19ED98E5}.Debug|Any CPU.ActiveCfg = Debug|Any CPU
		{68912684-B553-4017-9FBE-F56C19ED98E5}.Debug|Any CPU.Build.0 = Debug|Any CPU
		{68912684-B553-4017-9FBE-F56C19ED98E5}.Release|Any CPU.ActiveCfg = Release|Any CPU
		{68912684-B553-4017-9FBE-F56C19ED98E5}.Release|Any CPU.Build.0 = Release|Any CPU
		{2C9FE52B-A21C-43AE-9367-FEF20B87F4F4}.Debug|Any CPU.ActiveCfg = Debug|Any CPU
		{2C9FE52B-A21C-43AE-9367-FEF20B87F4F4}.Debug|Any CPU.Build.0 = Debug|Any CPU
		{2C9FE52B-A21C-43AE-9367-FEF20B87F4F4}.Release|Any CPU.ActiveCfg = Release|Any CPU
		{2C9FE52B-A21C-43AE-9367-FEF20B87F4F4}.Release|Any CPU.Build.0 = Release|Any CPU
		{1E49DD32-8A83-4097-93CF-CBD0BAF308A7}.Debug|Any CPU.ActiveCfg = Debug|Any CPU
		{1E49DD32-8A83-4097-93CF-CBD0BAF308A7}.Debug|Any CPU.Build.0 = Debug|Any CPU
		{1E49DD32-8A83-4097-93CF-CBD0BAF308A7}.Release|Any CPU.ActiveCfg = Release|Any CPU
		{1E49DD32-8A83-4097-93CF-CBD0BAF308A7}.Release|Any CPU.Build.0 = Release|Any CPU
		{60B48A72-4A9A-4C1B-A5FA-5AFDFE6F2E52}.Debug|Any CPU.ActiveCfg = Debug|Any CPU
		{60B48A72-4A9A-4C1B-A5FA-5AFDFE6F2E52}.Debug|Any CPU.Build.0 = Debug|Any CPU
		{60B48A72-4A9A-4C1B-A5FA-5AFDFE6F2E52}.Release|Any CPU.ActiveCfg = Release|Any CPU
		{60B48A72-4A9A-4C1B-A5FA-5AFDFE6F2E52}.Release|Any CPU.Build.0 = Release|Any CPU
	EndGlobalSection
	GlobalSection(SolutionProperties) = preSolution
		HideSolutionNode = FALSE
	EndGlobalSection
EndGlobal
